
Microsoft Visual Studio Solution File, Format Version 12.00
# Visual Studio Version 17
VisualStudioVersion = 17.4.33205.214
MinimumVisualStudioVersion = 10.0.40219.1
Project("{9A19103F-16F7-4668-BE54-9A1E7A4F7556}") = "SocialNetwork", "SocialNetwork\SocialNetwork.csproj", "{5F4796E9-8E60-455A-A80E-BF017FC2B9D7}"
EndProject
Project("{FAE04EC0-301F-11D3-BF4B-00C04F79EFBC}") = "SocialNetwork.Tests", "SocialNetwork.Tests\SocialNetwork.Tests.csproj", "{E29DE1AD-16A2-43F6-B2A1-7F32739EDCC2}"
EndProject
Global
	GlobalSection(SolutionConfigurationPlatforms) = preSolution
		Debug|Any CPU = Debug|Any CPU
		Release|Any CPU = Release|Any CPU
	EndGlobalSection
	GlobalSection(ProjectConfigurationPlatforms) = postSolution
		{5F4796E9-8E60-455A-A80E-BF017FC2B9D7}.Debug|Any CPU.ActiveCfg = Debug|Any CPU
		{5F4796E9-8E60-455A-A80E-BF017FC2B9D7}.Debug|Any CPU.Build.0 = Debug|Any CPU
		{5F4796E9-8E60-455A-A80E-BF017FC2B9D7}.Release|Any CPU.ActiveCfg = Release|Any CPU
		{5F4796E9-8E60-455A-A80E-BF017FC2B9D7}.Release|Any CPU.Build.0 = Release|Any CPU
		{E29DE1AD-16A2-43F6-B2A1-7F32739EDCC2}.Debug|Any CPU.ActiveCfg = Debug|Any CPU
		{E29DE1AD-16A2-43F6-B2A1-7F32739EDCC2}.Debug|Any CPU.Build.0 = Debug|Any CPU
		{E29DE1AD-16A2-43F6-B2A1-7F32739EDCC2}.Release|Any CPU.ActiveCfg = Release|Any CPU
		{E29DE1AD-16A2-43F6-B2A1-7F32739EDCC2}.Release|Any CPU.Build.0 = Release|Any CPU
	EndGlobalSection
	GlobalSection(SolutionProperties) = preSolution
		HideSolutionNode = FALSE
	EndGlobalSection
	GlobalSection(ExtensibilityGlobals) = postSolution
		SolutionGuid = {2F05C80A-65D9-4B82-B3CC-0071D65A858F}
	EndGlobalSection
EndGlobal
